// !$*UTF8*$!
{
	archiveVersion = 1;
	classes = {
	};
	objectVersion = 56;
	objects = {

/* Begin PBXBuildFile section */
		CA5D89CB2A16AEAE005206AD /* CheckoutViewCollectionViewCell.swift in Sources */ = {isa = PBXBuildFile; fileRef = CA5D89CA2A16AEAE005206AD /* CheckoutViewCollectionViewCell.swift */; };
		CA5D89CD2A16AF68005206AD /* CheckoutViewController.swift in Sources */ = {isa = PBXBuildFile; fileRef = CA5D89CC2A16AF68005206AD /* CheckoutViewController.swift */; };
		CA5D89D02A16E120005206AD /* Variables+CoreDataClass.swift in Sources */ = {isa = PBXBuildFile; fileRef = CA5D89CE2A16E11F005206AD /* Variables+CoreDataClass.swift */; };
		CA5D89D12A16E120005206AD /* Variables+CoreDataProperties.swift in Sources */ = {isa = PBXBuildFile; fileRef = CA5D89CF2A16E11F005206AD /* Variables+CoreDataProperties.swift */; };
		CAB55C2F2A12FE5F00DB70B3 /* TabBarController.swift in Sources */ = {isa = PBXBuildFile; fileRef = CAB55C2E2A12FE5F00DB70B3 /* TabBarController.swift */; };
		CAED54D42A0DB47B00B5DC55 /* AppDelegate.swift in Sources */ = {isa = PBXBuildFile; fileRef = CAED54D32A0DB47B00B5DC55 /* AppDelegate.swift */; };
		CAED54D62A0DB47B00B5DC55 /* SceneDelegate.swift in Sources */ = {isa = PBXBuildFile; fileRef = CAED54D52A0DB47B00B5DC55 /* SceneDelegate.swift */; };
		CAED54DD2A0DB47C00B5DC55 /* Assets.xcassets in Resources */ = {isa = PBXBuildFile; fileRef = CAED54DC2A0DB47C00B5DC55 /* Assets.xcassets */; };
		CAED54E02A0DB47C00B5DC55 /* LaunchScreen.storyboard in Resources */ = {isa = PBXBuildFile; fileRef = CAED54DE2A0DB47C00B5DC55 /* LaunchScreen.storyboard */; };
		CAED54ED2A0DD82E00B5DC55 /* LoginViewController.swift in Sources */ = {isa = PBXBuildFile; fileRef = CAED54EC2A0DD82E00B5DC55 /* LoginViewController.swift */; };
		CAED54EF2A0DD84100B5DC55 /* LoginView.swift in Sources */ = {isa = PBXBuildFile; fileRef = CAED54EE2A0DD84100B5DC55 /* LoginView.swift */; };
		CAED54F32A0DD88200B5DC55 /* SignUpView.swift in Sources */ = {isa = PBXBuildFile; fileRef = CAED54F22A0DD88200B5DC55 /* SignUpView.swift */; };
		CAED54F52A0DD89500B5DC55 /* SignUpViewController.swift in Sources */ = {isa = PBXBuildFile; fileRef = CAED54F42A0DD89500B5DC55 /* SignUpViewController.swift */; };
		CAED54FC2A12BEEC00B5DC55 /* ButtonView.swift in Sources */ = {isa = PBXBuildFile; fileRef = CAED54FB2A12BEEC00B5DC55 /* ButtonView.swift */; };
		CAED55002A12C62B00B5DC55 /* AppStartViewController.swift in Sources */ = {isa = PBXBuildFile; fileRef = CAED54FF2A12C62B00B5DC55 /* AppStartViewController.swift */; };
		CAED55042A12C65F00B5DC55 /* AppStartView.swift in Sources */ = {isa = PBXBuildFile; fileRef = CAED55032A12C65F00B5DC55 /* AppStartView.swift */; };
		CAED55082A12CD5300B5DC55 /* Constants.swift in Sources */ = {isa = PBXBuildFile; fileRef = CAED55072A12CD5300B5DC55 /* Constants.swift */; };
		CAF3762D2A1316A700653CDE /* ProfileViewController.swift in Sources */ = {isa = PBXBuildFile; fileRef = CAF3762C2A1316A700653CDE /* ProfileViewController.swift */; };
		CAF3762F2A1316B400653CDE /* ProfileView.swift in Sources */ = {isa = PBXBuildFile; fileRef = CAF3762E2A1316B400653CDE /* ProfileView.swift */; };
		CAF376322A13188B00653CDE /* OrdersListView.swift in Sources */ = {isa = PBXBuildFile; fileRef = CAF376312A13188B00653CDE /* OrdersListView.swift */; };
		CAF376342A1318EC00653CDE /* OrdersViewController.swift in Sources */ = {isa = PBXBuildFile; fileRef = CAF376332A1318EC00653CDE /* OrdersViewController.swift */; };
		CAF376392A13270C00653CDE /* OrderCollectionViewCell.swift in Sources */ = {isa = PBXBuildFile; fileRef = CAF376382A13270C00653CDE /* OrderCollectionViewCell.swift */; };
		CAF3763C2A14768900653CDE /* MenuViewController.swift in Sources */ = {isa = PBXBuildFile; fileRef = CAF3763B2A14768900653CDE /* MenuViewController.swift */; };
		CAF376402A159DB300653CDE /* MenuItemCollectionViewCell.swift in Sources */ = {isa = PBXBuildFile; fileRef = CAF3763F2A159DB300653CDE /* MenuItemCollectionViewCell.swift */; };
		CAF376472A15B69800653CDE /* MenuItemModel.swift in Sources */ = {isa = PBXBuildFile; fileRef = CAF376462A15B69800653CDE /* MenuItemModel.swift */; };
		CAF3764A2A15B6BF00653CDE /* Menu.swift in Sources */ = {isa = PBXBuildFile; fileRef = CAF376492A15B6BF00653CDE /* Menu.swift */; };
		CAF3764C2A15CFA300653CDE /* MenuItemDetailView.swift in Sources */ = {isa = PBXBuildFile; fileRef = CAF3764B2A15CFA300653CDE /* MenuItemDetailView.swift */; };
		CAF376512A15D18400653CDE /* MenuItemDetailViewController.swift in Sources */ = {isa = PBXBuildFile; fileRef = CAF376502A15D18400653CDE /* MenuItemDetailViewController.swift */; };
		CAF3765B2A16572900653CDE /* DataModel.xcdatamodeld in Sources */ = {isa = PBXBuildFile; fileRef = CAF376592A16572900653CDE /* DataModel.xcdatamodeld */; };
		CAF3765D2A165AD100653CDE /* CoreDataManager.swift in Sources */ = {isa = PBXBuildFile; fileRef = CAF3765C2A165AD100653CDE /* CoreDataManager.swift */; };
		CAF376652A1668D000653CDE /* Order+CoreDataClass.swift in Sources */ = {isa = PBXBuildFile; fileRef = CAF376612A1668D000653CDE /* Order+CoreDataClass.swift */; };
		CAF376662A1668D000653CDE /* Order+CoreDataProperties.swift in Sources */ = {isa = PBXBuildFile; fileRef = CAF376622A1668D000653CDE /* Order+CoreDataProperties.swift */; };
		CAF376672A1668D000653CDE /* Item+CoreDataClass.swift in Sources */ = {isa = PBXBuildFile; fileRef = CAF376632A1668D000653CDE /* Item+CoreDataClass.swift */; };
		CAF376682A1668D000653CDE /* Item+CoreDataProperties.swift in Sources */ = {isa = PBXBuildFile; fileRef = CAF376642A1668D000653CDE /* Item+CoreDataProperties.swift */; };
/* End PBXBuildFile section */

/* Begin PBXFileReference section */
		CA5D89CA2A16AEAE005206AD /* CheckoutViewCollectionViewCell.swift */ = {isa = PBXFileReference; lastKnownFileType = sourcecode.swift; path = CheckoutViewCollectionViewCell.swift; sourceTree = "<group>"; };
		CA5D89CC2A16AF68005206AD /* CheckoutViewController.swift */ = {isa = PBXFileReference; lastKnownFileType = sourcecode.swift; path = CheckoutViewController.swift; sourceTree = "<group>"; };
		CA5D89CE2A16E11F005206AD /* Variables+CoreDataClass.swift */ = {isa = PBXFileReference; lastKnownFileType = sourcecode.swift; path = "Variables+CoreDataClass.swift"; sourceTree = "<group>"; };
		CA5D89CF2A16E11F005206AD /* Variables+CoreDataProperties.swift */ = {isa = PBXFileReference; lastKnownFileType = sourcecode.swift; path = "Variables+CoreDataProperties.swift"; sourceTree = "<group>"; };
		CAB55C2E2A12FE5F00DB70B3 /* TabBarController.swift */ = {isa = PBXFileReference; lastKnownFileType = sourcecode.swift; path = TabBarController.swift; sourceTree = "<group>"; };
		CAED54D02A0DB47B00B5DC55 /* BrewCityKitchen.app */ = {isa = PBXFileReference; explicitFileType = wrapper.application; includeInIndex = 0; path = BrewCityKitchen.app; sourceTree = BUILT_PRODUCTS_DIR; };
		CAED54D32A0DB47B00B5DC55 /* AppDelegate.swift */ = {isa = PBXFileReference; lastKnownFileType = sourcecode.swift; path = AppDelegate.swift; sourceTree = "<group>"; };
		CAED54D52A0DB47B00B5DC55 /* SceneDelegate.swift */ = {isa = PBXFileReference; lastKnownFileType = sourcecode.swift; path = SceneDelegate.swift; sourceTree = "<group>"; };
		CAED54DC2A0DB47C00B5DC55 /* Assets.xcassets */ = {isa = PBXFileReference; lastKnownFileType = folder.assetcatalog; path = Assets.xcassets; sourceTree = "<group>"; };
		CAED54DF2A0DB47C00B5DC55 /* Base */ = {isa = PBXFileReference; lastKnownFileType = file.storyboard; name = Base; path = Base.lproj/LaunchScreen.storyboard; sourceTree = "<group>"; };
		CAED54E12A0DB47C00B5DC55 /* Info.plist */ = {isa = PBXFileReference; lastKnownFileType = text.plist.xml; path = Info.plist; sourceTree = "<group>"; };
		CAED54EC2A0DD82E00B5DC55 /* LoginViewController.swift */ = {isa = PBXFileReference; lastKnownFileType = sourcecode.swift; path = LoginViewController.swift; sourceTree = "<group>"; };
		CAED54EE2A0DD84100B5DC55 /* LoginView.swift */ = {isa = PBXFileReference; lastKnownFileType = sourcecode.swift; path = LoginView.swift; sourceTree = "<group>"; };
		CAED54F22A0DD88200B5DC55 /* SignUpView.swift */ = {isa = PBXFileReference; lastKnownFileType = sourcecode.swift; path = SignUpView.swift; sourceTree = "<group>"; };
		CAED54F42A0DD89500B5DC55 /* SignUpViewController.swift */ = {isa = PBXFileReference; lastKnownFileType = sourcecode.swift; path = SignUpViewController.swift; sourceTree = "<group>"; };
		CAED54FB2A12BEEC00B5DC55 /* ButtonView.swift */ = {isa = PBXFileReference; lastKnownFileType = sourcecode.swift; path = ButtonView.swift; sourceTree = "<group>"; };
		CAED54FF2A12C62B00B5DC55 /* AppStartViewController.swift */ = {isa = PBXFileReference; lastKnownFileType = sourcecode.swift; path = AppStartViewController.swift; sourceTree = "<group>"; };
		CAED55032A12C65F00B5DC55 /* AppStartView.swift */ = {isa = PBXFileReference; lastKnownFileType = sourcecode.swift; path = AppStartView.swift; sourceTree = "<group>"; };
		CAED55072A12CD5300B5DC55 /* Constants.swift */ = {isa = PBXFileReference; lastKnownFileType = sourcecode.swift; path = Constants.swift; sourceTree = "<group>"; };
		CAF3762C2A1316A700653CDE /* ProfileViewController.swift */ = {isa = PBXFileReference; lastKnownFileType = sourcecode.swift; path = ProfileViewController.swift; sourceTree = "<group>"; };
		CAF3762E2A1316B400653CDE /* ProfileView.swift */ = {isa = PBXFileReference; lastKnownFileType = sourcecode.swift; path = ProfileView.swift; sourceTree = "<group>"; };
		CAF376312A13188B00653CDE /* OrdersListView.swift */ = {isa = PBXFileReference; lastKnownFileType = sourcecode.swift; path = OrdersListView.swift; sourceTree = "<group>"; };
		CAF376332A1318EC00653CDE /* OrdersViewController.swift */ = {isa = PBXFileReference; lastKnownFileType = sourcecode.swift; path = OrdersViewController.swift; sourceTree = "<group>"; };
		CAF376382A13270C00653CDE /* OrderCollectionViewCell.swift */ = {isa = PBXFileReference; lastKnownFileType = sourcecode.swift; path = OrderCollectionViewCell.swift; sourceTree = "<group>"; };
		CAF3763B2A14768900653CDE /* MenuViewController.swift */ = {isa = PBXFileReference; lastKnownFileType = sourcecode.swift; path = MenuViewController.swift; sourceTree = "<group>"; };
		CAF3763F2A159DB300653CDE /* MenuItemCollectionViewCell.swift */ = {isa = PBXFileReference; lastKnownFileType = sourcecode.swift; path = MenuItemCollectionViewCell.swift; sourceTree = "<group>"; };
		CAF376462A15B69800653CDE /* MenuItemModel.swift */ = {isa = PBXFileReference; lastKnownFileType = sourcecode.swift; path = MenuItemModel.swift; sourceTree = "<group>"; };
		CAF376492A15B6BF00653CDE /* Menu.swift */ = {isa = PBXFileReference; lastKnownFileType = sourcecode.swift; path = Menu.swift; sourceTree = "<group>"; };
		CAF3764B2A15CFA300653CDE /* MenuItemDetailView.swift */ = {isa = PBXFileReference; lastKnownFileType = sourcecode.swift; path = MenuItemDetailView.swift; sourceTree = "<group>"; };
		CAF376502A15D18400653CDE /* MenuItemDetailViewController.swift */ = {isa = PBXFileReference; lastKnownFileType = sourcecode.swift; path = MenuItemDetailViewController.swift; sourceTree = "<group>"; };
		CAF3765A2A16572900653CDE /* data.xcdatamodel */ = {isa = PBXFileReference; lastKnownFileType = wrapper.xcdatamodel; path = data.xcdatamodel; sourceTree = "<group>"; };
		CAF3765C2A165AD100653CDE /* CoreDataManager.swift */ = {isa = PBXFileReference; lastKnownFileType = sourcecode.swift; path = CoreDataManager.swift; sourceTree = "<group>"; };
		CAF3765F2A165CDB00653CDE /* CoreData.framework */ = {isa = PBXFileReference; lastKnownFileType = wrapper.framework; name = CoreData.framework; path = System/Library/Frameworks/CoreData.framework; sourceTree = SDKROOT; };
		CAF376612A1668D000653CDE /* Order+CoreDataClass.swift */ = {isa = PBXFileReference; lastKnownFileType = sourcecode.swift; path = "Order+CoreDataClass.swift"; sourceTree = "<group>"; };
		CAF376622A1668D000653CDE /* Order+CoreDataProperties.swift */ = {isa = PBXFileReference; lastKnownFileType = sourcecode.swift; path = "Order+CoreDataProperties.swift"; sourceTree = "<group>"; };
		CAF376632A1668D000653CDE /* Item+CoreDataClass.swift */ = {isa = PBXFileReference; lastKnownFileType = sourcecode.swift; path = "Item+CoreDataClass.swift"; sourceTree = "<group>"; };
		CAF376642A1668D000653CDE /* Item+CoreDataProperties.swift */ = {isa = PBXFileReference; lastKnownFileType = sourcecode.swift; path = "Item+CoreDataProperties.swift"; sourceTree = "<group>"; };
/* End PBXFileReference section */

/* Begin PBXFrameworksBuildPhase section */
		CAED54CD2A0DB47B00B5DC55 /* Frameworks */ = {
			isa = PBXFrameworksBuildPhase;
			buildActionMask = 2147483647;
			files = (
			);
			runOnlyForDeploymentPostprocessing = 0;
		};
/* End PBXFrameworksBuildPhase section */

/* Begin PBXGroup section */
		CA5D89C62A169B23005206AD /* DetailView */ = {
			isa = PBXGroup;
			children = (
				CAF3764B2A15CFA300653CDE /* MenuItemDetailView.swift */,
				CAF376502A15D18400653CDE /* MenuItemDetailViewController.swift */,
			);
			path = DetailView;
			sourceTree = "<group>";
		};
		CA5D89C72A16AE31005206AD /* Checkout */ = {
			isa = PBXGroup;
			children = (
				CA5D89CA2A16AEAE005206AD /* CheckoutViewCollectionViewCell.swift */,
				CA5D89CC2A16AF68005206AD /* CheckoutViewController.swift */,
			);
			path = Checkout;
			sourceTree = "<group>";
		};
		CAB55C2B2A12F1AC00DB70B3 /* AppStart */ = {
			isa = PBXGroup;
			children = (
				CAED55032A12C65F00B5DC55 /* AppStartView.swift */,
				CAED54FF2A12C62B00B5DC55 /* AppStartViewController.swift */,
			);
			path = AppStart;
			sourceTree = "<group>";
		};
		CAB55C2C2A12F1BA00DB70B3 /* Login */ = {
			isa = PBXGroup;
			children = (
				CAED54EE2A0DD84100B5DC55 /* LoginView.swift */,
				CAED54EC2A0DD82E00B5DC55 /* LoginViewController.swift */,
			);
			path = Login;
			sourceTree = "<group>";
		};
		CAB55C2D2A12F1C800DB70B3 /* SignUp */ = {
			isa = PBXGroup;
			children = (
				CAED54F22A0DD88200B5DC55 /* SignUpView.swift */,
				CAED54F42A0DD89500B5DC55 /* SignUpViewController.swift */,
			);
			path = SignUp;
			sourceTree = "<group>";
		};
		CAED54C72A0DB47B00B5DC55 = {
			isa = PBXGroup;
			children = (
				CAED54D22A0DB47B00B5DC55 /* BrewCityKitchen */,
				CAED54D12A0DB47B00B5DC55 /* Products */,
				CAF3765E2A165CDA00653CDE /* Frameworks */,
			);
			sourceTree = "<group>";
		};
		CAED54D12A0DB47B00B5DC55 /* Products */ = {
			isa = PBXGroup;
			children = (
				CAED54D02A0DB47B00B5DC55 /* BrewCityKitchen.app */,
			);
			name = Products;
			sourceTree = "<group>";
		};
		CAED54D22A0DB47B00B5DC55 /* BrewCityKitchen */ = {
			isa = PBXGroup;
			children = (
				CAF376542A16434300653CDE /* Data */,
				CAED55062A12CD3800B5DC55 /* Utility */,
				CAED55052A12CD0D00B5DC55 /* Resources */,
				CAED54E92A0DBFE800B5DC55 /* Sections */,
				CAED54E72A0DBCFA00B5DC55 /* Models */,
				CAED54E12A0DB47C00B5DC55 /* Info.plist */,
			);
			path = BrewCityKitchen;
			sourceTree = "<group>";
		};
		CAED54E72A0DBCFA00B5DC55 /* Models */ = {
			isa = PBXGroup;
			children = (
				CAF376582A16551600653CDE /* Order */,
				CAF376482A15B6B200653CDE /* Menu */,
			);
			path = Models;
			sourceTree = "<group>";
		};
		CAED54E92A0DBFE800B5DC55 /* Sections */ = {
			isa = PBXGroup;
			children = (
				CA5D89C72A16AE31005206AD /* Checkout */,
				CAF3763A2A14766D00653CDE /* Menu */,
				CAF376302A13184500653CDE /* Orders */,
				CAF3762B2A13168B00653CDE /* Profile */,
				CAB55C2D2A12F1C800DB70B3 /* SignUp */,
				CAB55C2C2A12F1BA00DB70B3 /* Login */,
				CAB55C2B2A12F1AC00DB70B3 /* AppStart */,
				CAED54F92A0DE26400B5DC55 /* Components */,
				CAB55C2E2A12FE5F00DB70B3 /* TabBarController.swift */,
			);
			path = Sections;
			sourceTree = "<group>";
		};
		CAED54F92A0DE26400B5DC55 /* Components */ = {
			isa = PBXGroup;
			children = (
				CAED54FB2A12BEEC00B5DC55 /* ButtonView.swift */,
			);
			path = Components;
			sourceTree = "<group>";
		};
		CAED55052A12CD0D00B5DC55 /* Resources */ = {
			isa = PBXGroup;
			children = (
				CAED54D32A0DB47B00B5DC55 /* AppDelegate.swift */,
				CAED54D52A0DB47B00B5DC55 /* SceneDelegate.swift */,
				CAED54DC2A0DB47C00B5DC55 /* Assets.xcassets */,
				CAED54DE2A0DB47C00B5DC55 /* LaunchScreen.storyboard */,
			);
			path = Resources;
			sourceTree = "<group>";
		};
		CAED55062A12CD3800B5DC55 /* Utility */ = {
			isa = PBXGroup;
			children = (
				CAED55072A12CD5300B5DC55 /* Constants.swift */,
			);
			path = Utility;
			sourceTree = "<group>";
		};
		CAF3762B2A13168B00653CDE /* Profile */ = {
			isa = PBXGroup;
			children = (
				CAF3762C2A1316A700653CDE /* ProfileViewController.swift */,
				CAF3762E2A1316B400653CDE /* ProfileView.swift */,
			);
			path = Profile;
			sourceTree = "<group>";
		};
		CAF376302A13184500653CDE /* Orders */ = {
			isa = PBXGroup;
			children = (
				CAF376312A13188B00653CDE /* OrdersListView.swift */,
				CAF376332A1318EC00653CDE /* OrdersViewController.swift */,
				CAF376382A13270C00653CDE /* OrderCollectionViewCell.swift */,
			);
			path = Orders;
			sourceTree = "<group>";
		};
		CAF3763A2A14766D00653CDE /* Menu */ = {
			isa = PBXGroup;
			children = (
				CA5D89C62A169B23005206AD /* DetailView */,
				CAF3763B2A14768900653CDE /* MenuViewController.swift */,
				CAF3763F2A159DB300653CDE /* MenuItemCollectionViewCell.swift */,
			);
			path = Menu;
			sourceTree = "<group>";
		};
		CAF376482A15B6B200653CDE /* Menu */ = {
			isa = PBXGroup;
			children = (
				CAF376462A15B69800653CDE /* MenuItemModel.swift */,
				CAF376492A15B6BF00653CDE /* Menu.swift */,
			);
			path = Menu;
			sourceTree = "<group>";
		};
		CAF376542A16434300653CDE /* Data */ = {
			isa = PBXGroup;
			children = (
				CA5D89CE2A16E11F005206AD /* Variables+CoreDataClass.swift */,
				CA5D89CF2A16E11F005206AD /* Variables+CoreDataProperties.swift */,
				CAF376612A1668D000653CDE /* Order+CoreDataClass.swift */,
				CAF376622A1668D000653CDE /* Order+CoreDataProperties.swift */,
				CAF376632A1668D000653CDE /* Item+CoreDataClass.swift */,
				CAF376642A1668D000653CDE /* Item+CoreDataProperties.swift */,
				CAF376592A16572900653CDE /* DataModel.xcdatamodeld */,
				CAF3765C2A165AD100653CDE /* CoreDataManager.swift */,
			);
			path = Data;
			sourceTree = "<group>";
		};
		CAF376582A16551600653CDE /* Order */ = {
			isa = PBXGroup;
			children = (
			);
			path = Order;
			sourceTree = "<group>";
		};
		CAF3765E2A165CDA00653CDE /* Frameworks */ = {
			isa = PBXGroup;
			children = (
				CAF3765F2A165CDB00653CDE /* CoreData.framework */,
			);
			name = Frameworks;
			sourceTree = "<group>";
		};
/* End PBXGroup section */

/* Begin PBXNativeTarget section */
		CAED54CF2A0DB47B00B5DC55 /* BrewCityKitchen */ = {
			isa = PBXNativeTarget;
			buildConfigurationList = CAED54E42A0DB47C00B5DC55 /* Build configuration list for PBXNativeTarget "BrewCityKitchen" */;
			buildPhases = (
				CAED54CC2A0DB47B00B5DC55 /* Sources */,
				CAED54CD2A0DB47B00B5DC55 /* Frameworks */,
				CAED54CE2A0DB47B00B5DC55 /* Resources */,
			);
			buildRules = (
			);
			dependencies = (
			);
			name = BrewCityKitchen;
			productName = BrewCityKitchen;
			productReference = CAED54D02A0DB47B00B5DC55 /* BrewCityKitchen.app */;
			productType = "com.apple.product-type.application";
		};
/* End PBXNativeTarget section */

/* Begin PBXProject section */
		CAED54C82A0DB47B00B5DC55 /* Project object */ = {
			isa = PBXProject;
			attributes = {
				BuildIndependentTargetsInParallel = 1;
				LastSwiftUpdateCheck = 1420;
				LastUpgradeCheck = 1420;
				TargetAttributes = {
					CAED54CF2A0DB47B00B5DC55 = {
						CreatedOnToolsVersion = 14.2;
					};
				};
			};
			buildConfigurationList = CAED54CB2A0DB47B00B5DC55 /* Build configuration list for PBXProject "BrewCityKitchen" */;
			compatibilityVersion = "Xcode 14.0";
			developmentRegion = en;
			hasScannedForEncodings = 0;
			knownRegions = (
				en,
				Base,
			);
			mainGroup = CAED54C72A0DB47B00B5DC55;
			productRefGroup = CAED54D12A0DB47B00B5DC55 /* Products */;
			projectDirPath = "";
			projectRoot = "";
			targets = (
				CAED54CF2A0DB47B00B5DC55 /* BrewCityKitchen */,
			);
		};
/* End PBXProject section */

/* Begin PBXResourcesBuildPhase section */
		CAED54CE2A0DB47B00B5DC55 /* Resources */ = {
			isa = PBXResourcesBuildPhase;
			buildActionMask = 2147483647;
			files = (
				CAED54E02A0DB47C00B5DC55 /* LaunchScreen.storyboard in Resources */,
				CAED54DD2A0DB47C00B5DC55 /* Assets.xcassets in Resources */,
			);
			runOnlyForDeploymentPostprocessing = 0;
		};
/* End PBXResourcesBuildPhase section */

/* Begin PBXSourcesBuildPhase section */
		CAED54CC2A0DB47B00B5DC55 /* Sources */ = {
			isa = PBXSourcesBuildPhase;
			buildActionMask = 2147483647;
			files = (
				CAF376672A1668D000653CDE /* Item+CoreDataClass.swift in Sources */,
				CAF376472A15B69800653CDE /* MenuItemModel.swift in Sources */,
				CAF3764C2A15CFA300653CDE /* MenuItemDetailView.swift in Sources */,
				CAF376402A159DB300653CDE /* MenuItemCollectionViewCell.swift in Sources */,
				CAED54F52A0DD89500B5DC55 /* SignUpViewController.swift in Sources */,
				CAF376322A13188B00653CDE /* OrdersListView.swift in Sources */,
				CAF3762F2A1316B400653CDE /* ProfileView.swift in Sources */,
				CAF376682A1668D000653CDE /* Item+CoreDataProperties.swift in Sources */,
				CAF3765D2A165AD100653CDE /* CoreDataManager.swift in Sources */,
				CAED54D42A0DB47B00B5DC55 /* AppDelegate.swift in Sources */,
				CAF376512A15D18400653CDE /* MenuItemDetailViewController.swift in Sources */,
				CAB55C2F2A12FE5F00DB70B3 /* TabBarController.swift in Sources */,
				CAED54D62A0DB47B00B5DC55 /* SceneDelegate.swift in Sources */,
				CAED54EF2A0DD84100B5DC55 /* LoginView.swift in Sources */,
				CAED55042A12C65F00B5DC55 /* AppStartView.swift in Sources */,
				CA5D89CB2A16AEAE005206AD /* CheckoutViewCollectionViewCell.swift in Sources */,
				CAF376662A1668D000653CDE /* Order+CoreDataProperties.swift in Sources */,
				CAF376392A13270C00653CDE /* OrderCollectionViewCell.swift in Sources */,
				CAF3762D2A1316A700653CDE /* ProfileViewController.swift in Sources */,
				CAF376652A1668D000653CDE /* Order+CoreDataClass.swift in Sources */,
				CAED55082A12CD5300B5DC55 /* Constants.swift in Sources */,
				CA5D89D12A16E120005206AD /* Variables+CoreDataProperties.swift in Sources */,
				CAF376342A1318EC00653CDE /* OrdersViewController.swift in Sources */,
				CAF3765B2A16572900653CDE /* DataModel.xcdatamodeld in Sources */,
				CAF3763C2A14768900653CDE /* MenuViewController.swift in Sources */,
				CAF3764A2A15B6BF00653CDE /* Menu.swift in Sources */,
				CAED54F32A0DD88200B5DC55 /* SignUpView.swift in Sources */,
				CA5D89D02A16E120005206AD /* Variables+CoreDataClass.swift in Sources */,
				CAED55002A12C62B00B5DC55 /* AppStartViewController.swift in Sources */,
				CAED54ED2A0DD82E00B5DC55 /* LoginViewController.swift in Sources */,
				CA5D89CD2A16AF68005206AD /* CheckoutViewController.swift in Sources */,
				CAED54FC2A12BEEC00B5DC55 /* ButtonView.swift in Sources */,
			);
			runOnlyForDeploymentPostprocessing = 0;
		};
/* End PBXSourcesBuildPhase section */

/* Begin PBXVariantGroup section */
		CAED54DE2A0DB47C00B5DC55 /* LaunchScreen.storyboard */ = {
			isa = PBXVariantGroup;
			children = (
				CAED54DF2A0DB47C00B5DC55 /* Base */,
			);
			name = LaunchScreen.storyboard;
			sourceTree = "<group>";
		};
/* End PBXVariantGroup section */

/* Begin XCBuildConfiguration section */
		CAED54E22A0DB47C00B5DC55 /* Debug */ = {
			isa = XCBuildConfiguration;
			buildSettings = {
				ALWAYS_SEARCH_USER_PATHS = NO;
				CLANG_ANALYZER_NONNULL = YES;
				CLANG_ANALYZER_NUMBER_OBJECT_CONVERSION = YES_AGGRESSIVE;
				CLANG_CXX_LANGUAGE_STANDARD = "gnu++20";
				CLANG_ENABLE_MODULES = YES;
				CLANG_ENABLE_OBJC_ARC = YES;
				CLANG_ENABLE_OBJC_WEAK = YES;
				CLANG_WARN_BLOCK_CAPTURE_AUTORELEASING = YES;
				CLANG_WARN_BOOL_CONVERSION = YES;
				CLANG_WARN_COMMA = YES;
				CLANG_WARN_CONSTANT_CONVERSION = YES;
				CLANG_WARN_DEPRECATED_OBJC_IMPLEMENTATIONS = YES;
				CLANG_WARN_DIRECT_OBJC_ISA_USAGE = YES_ERROR;
				CLANG_WARN_DOCUMENTATION_COMMENTS = YES;
				CLANG_WARN_EMPTY_BODY = YES;
				CLANG_WARN_ENUM_CONVERSION = YES;
				CLANG_WARN_INFINITE_RECURSION = YES;
				CLANG_WARN_INT_CONVERSION = YES;
				CLANG_WARN_NON_LITERAL_NULL_CONVERSION = YES;
				CLANG_WARN_OBJC_IMPLICIT_RETAIN_SELF = YES;
				CLANG_WARN_OBJC_LITERAL_CONVERSION = YES;
				CLANG_WARN_OBJC_ROOT_CLASS = YES_ERROR;
				CLANG_WARN_QUOTED_INCLUDE_IN_FRAMEWORK_HEADER = YES;
				CLANG_WARN_RANGE_LOOP_ANALYSIS = YES;
				CLANG_WARN_STRICT_PROTOTYPES = YES;
				CLANG_WARN_SUSPICIOUS_MOVE = YES;
				CLANG_WARN_UNGUARDED_AVAILABILITY = YES_AGGRESSIVE;
				CLANG_WARN_UNREACHABLE_CODE = YES;
				CLANG_WARN__DUPLICATE_METHOD_MATCH = YES;
				COPY_PHASE_STRIP = NO;
				DEBUG_INFORMATION_FORMAT = dwarf;
				ENABLE_STRICT_OBJC_MSGSEND = YES;
				ENABLE_TESTABILITY = YES;
				GCC_C_LANGUAGE_STANDARD = gnu11;
				GCC_DYNAMIC_NO_PIC = NO;
				GCC_NO_COMMON_BLOCKS = YES;
				GCC_OPTIMIZATION_LEVEL = 0;
				GCC_PREPROCESSOR_DEFINITIONS = (
					"DEBUG=1",
					"$(inherited)",
				);
				GCC_WARN_64_TO_32_BIT_CONVERSION = YES;
				GCC_WARN_ABOUT_RETURN_TYPE = YES_ERROR;
				GCC_WARN_UNDECLARED_SELECTOR = YES;
				GCC_WARN_UNINITIALIZED_AUTOS = YES_AGGRESSIVE;
				GCC_WARN_UNUSED_FUNCTION = YES;
				GCC_WARN_UNUSED_VARIABLE = YES;
				IPHONEOS_DEPLOYMENT_TARGET = 16.0;
				MTL_ENABLE_DEBUG_INFO = INCLUDE_SOURCE;
				MTL_FAST_MATH = YES;
				ONLY_ACTIVE_ARCH = YES;
				SDKROOT = iphoneos;
				SWIFT_ACTIVE_COMPILATION_CONDITIONS = DEBUG;
				SWIFT_OPTIMIZATION_LEVEL = "-Onone";
			};
			name = Debug;
		};
		CAED54E32A0DB47C00B5DC55 /* Release */ = {
			isa = XCBuildConfiguration;
			buildSettings = {
				ALWAYS_SEARCH_USER_PATHS = NO;
				CLANG_ANALYZER_NONNULL = YES;
				CLANG_ANALYZER_NUMBER_OBJECT_CONVERSION = YES_AGGRESSIVE;
				CLANG_CXX_LANGUAGE_STANDARD = "gnu++20";
				CLANG_ENABLE_MODULES = YES;
				CLANG_ENABLE_OBJC_ARC = YES;
				CLANG_ENABLE_OBJC_WEAK = YES;
				CLANG_WARN_BLOCK_CAPTURE_AUTORELEASING = YES;
				CLANG_WARN_BOOL_CONVERSION = YES;
				CLANG_WARN_COMMA = YES;
				CLANG_WARN_CONSTANT_CONVERSION = YES;
				CLANG_WARN_DEPRECATED_OBJC_IMPLEMENTATIONS = YES;
				CLANG_WARN_DIRECT_OBJC_ISA_USAGE = YES_ERROR;
				CLANG_WARN_DOCUMENTATION_COMMENTS = YES;
				CLANG_WARN_EMPTY_BODY = YES;
				CLANG_WARN_ENUM_CONVERSION = YES;
				CLANG_WARN_INFINITE_RECURSION = YES;
				CLANG_WARN_INT_CONVERSION = YES;
				CLANG_WARN_NON_LITERAL_NULL_CONVERSION = YES;
				CLANG_WARN_OBJC_IMPLICIT_RETAIN_SELF = YES;
				CLANG_WARN_OBJC_LITERAL_CONVERSION = YES;
				CLANG_WARN_OBJC_ROOT_CLASS = YES_ERROR;
				CLANG_WARN_QUOTED_INCLUDE_IN_FRAMEWORK_HEADER = YES;
				CLANG_WARN_RANGE_LOOP_ANALYSIS = YES;
				CLANG_WARN_STRICT_PROTOTYPES = YES;
				CLANG_WARN_SUSPICIOUS_MOVE = YES;
				CLANG_WARN_UNGUARDED_AVAILABILITY = YES_AGGRESSIVE;
				CLANG_WARN_UNREACHABLE_CODE = YES;
				CLANG_WARN__DUPLICATE_METHOD_MATCH = YES;
				COPY_PHASE_STRIP = NO;
				DEBUG_INFORMATION_FORMAT = "dwarf-with-dsym";
				ENABLE_NS_ASSERTIONS = NO;
				ENABLE_STRICT_OBJC_MSGSEND = YES;
				GCC_C_LANGUAGE_STANDARD = gnu11;
				GCC_NO_COMMON_BLOCKS = YES;
				GCC_WARN_64_TO_32_BIT_CONVERSION = YES;
				GCC_WARN_ABOUT_RETURN_TYPE = YES_ERROR;
				GCC_WARN_UNDECLARED_SELECTOR = YES;
				GCC_WARN_UNINITIALIZED_AUTOS = YES_AGGRESSIVE;
				GCC_WARN_UNUSED_FUNCTION = YES;
				GCC_WARN_UNUSED_VARIABLE = YES;
				IPHONEOS_DEPLOYMENT_TARGET = 16.0;
				MTL_ENABLE_DEBUG_INFO = NO;
				MTL_FAST_MATH = YES;
				SDKROOT = iphoneos;
				SWIFT_COMPILATION_MODE = wholemodule;
				SWIFT_OPTIMIZATION_LEVEL = "-O";
				VALIDATE_PRODUCT = YES;
			};
			name = Release;
		};
		CAED54E52A0DB47C00B5DC55 /* Debug */ = {
			isa = XCBuildConfiguration;
			buildSettings = {
				ASSETCATALOG_COMPILER_APPICON_NAME = AppIcon;
				ASSETCATALOG_COMPILER_GLOBAL_ACCENT_COLOR_NAME = AccentColor;
				CODE_SIGN_STYLE = Automatic;
				CURRENT_PROJECT_VERSION = 1;
				DEVELOPMENT_TEAM = LJKQN4AQHT;
				GENERATE_INFOPLIST_FILE = YES;
				INFOPLIST_FILE = BrewCityKitchen/Info.plist;
				INFOPLIST_KEY_UIApplicationSupportsIndirectInputEvents = YES;
				INFOPLIST_KEY_UILaunchStoryboardName = LaunchScreen;
				INFOPLIST_KEY_UISupportedInterfaceOrientations = UIInterfaceOrientationPortrait;
				IPHONEOS_DEPLOYMENT_TARGET = 16.0;
				LD_RUNPATH_SEARCH_PATHS = (
					"$(inherited)",
					"@executable_path/Frameworks",
				);
				MARKETING_VERSION = 1.0;
				PRODUCT_BUNDLE_IDENTIFIER = com.josue.BrewCityKitchen;
				PRODUCT_NAME = "$(TARGET_NAME)";
				SUPPORTED_PLATFORMS = "iphoneos iphonesimulator";
				SUPPORTS_MACCATALYST = NO;
				SUPPORTS_MAC_DESIGNED_FOR_IPHONE_IPAD = NO;
				SWIFT_EMIT_LOC_STRINGS = YES;
				SWIFT_VERSION = 5.0;
				TARGETED_DEVICE_FAMILY = 1;
			};
			name = Debug;
		};
		CAED54E62A0DB47C00B5DC55 /* Release */ = {
			isa = XCBuildConfiguration;
			buildSettings = {
				ASSETCATALOG_COMPILER_APPICON_NAME = AppIcon;
				ASSETCATALOG_COMPILER_GLOBAL_ACCENT_COLOR_NAME = AccentColor;
				CODE_SIGN_STYLE = Automatic;
				CURRENT_PROJECT_VERSION = 1;
				DEVELOPMENT_TEAM = LJKQN4AQHT;
				GENERATE_INFOPLIST_FILE = YES;
				INFOPLIST_FILE = BrewCityKitchen/Info.plist;
				INFOPLIST_KEY_UIApplicationSupportsIndirectInputEvents = YES;
				INFOPLIST_KEY_UILaunchStoryboardName = LaunchScreen;
				INFOPLIST_KEY_UISupportedInterfaceOrientations = UIInterfaceOrientationPortrait;
				IPHONEOS_DEPLOYMENT_TARGET = 16.0;
				LD_RUNPATH_SEARCH_PATHS = (
					"$(inherited)",
					"@executable_path/Frameworks",
				);
				MARKETING_VERSION = 1.0;
				PRODUCT_BUNDLE_IDENTIFIER = com.josue.BrewCityKitchen;
				PRODUCT_NAME = "$(TARGET_NAME)";
				SUPPORTED_PLATFORMS = "iphoneos iphonesimulator";
				SUPPORTS_MACCATALYST = NO;
				SUPPORTS_MAC_DESIGNED_FOR_IPHONE_IPAD = NO;
				SWIFT_EMIT_LOC_STRINGS = YES;
				SWIFT_VERSION = 5.0;
				TARGETED_DEVICE_FAMILY = 1;
			};
			name = Release;
		};
/* End XCBuildConfiguration section */

/* Begin XCConfigurationList section */
		CAED54CB2A0DB47B00B5DC55 /* Build configuration list for PBXProject "BrewCityKitchen" */ = {
			isa = XCConfigurationList;
			buildConfigurations = (
				CAED54E22A0DB47C00B5DC55 /* Debug */,
				CAED54E32A0DB47C00B5DC55 /* Release */,
			);
			defaultConfigurationIsVisible = 0;
			defaultConfigurationName = Release;
		};
		CAED54E42A0DB47C00B5DC55 /* Build configuration list for PBXNativeTarget "BrewCityKitchen" */ = {
			isa = XCConfigurationList;
			buildConfigurations = (
				CAED54E52A0DB47C00B5DC55 /* Debug */,
				CAED54E62A0DB47C00B5DC55 /* Release */,
			);
			defaultConfigurationIsVisible = 0;
			defaultConfigurationName = Release;
		};
/* End XCConfigurationList section */

/* Begin XCVersionGroup section */
		CAF376592A16572900653CDE /* DataModel.xcdatamodeld */ = {
			isa = XCVersionGroup;
			children = (
				CAF3765A2A16572900653CDE /* data.xcdatamodel */,
			);
			currentVersion = CAF3765A2A16572900653CDE /* data.xcdatamodel */;
			path = DataModel.xcdatamodeld;
			sourceTree = "<group>";
			versionGroupType = wrapper.xcdatamodel;
		};
/* End XCVersionGroup section */
	};
	rootObject = CAED54C82A0DB47B00B5DC55 /* Project object */;
}
